
Microsoft Visual Studio Solution File, Format Version 12.00
# Visual Studio Version 17
VisualStudioVersion = 17.9.34622.214
MinimumVisualStudioVersion = 10.0.40219.1
Project("{FAE04EC0-301F-11D3-BF4B-00C04F79EFBC}") = "FileBreakout", "FileBreakout\FileBreakout.csproj", "{48EB4827-A566-455F-B140-66A3DE8C4057}"
EndProject
Global
	GlobalSection(SolutionConfigurationPlatforms) = preSolution
		Debug|Any CPU = Debug|Any CPU
		Release|Any CPU = Release|Any CPU
	EndGlobalSection
	GlobalSection(ProjectConfigurationPlatforms) = postSolution
		{48EB4827-A566-455F-B140-66A3DE8C4057}.Debug|Any CPU.ActiveCfg = Debug|Any CPU
		{48EB4827-A566-455F-B140-66A3DE8C4057}.Debug|Any CPU.Build.0 = Debug|Any CPU
		{48EB4827-A566-455F-B140-66A3DE8C4057}.Release|Any CPU.ActiveCfg = Release|Any CPU
		{48EB4827-A566-455F-B140-66A3DE8C4057}.Release|Any CPU.Build.0 = Release|Any CPU
	EndGlobalSection
	GlobalSection(SolutionProperties) = preSolution
		HideSolutionNode = FALSE
	EndGlobalSection
	GlobalSection(ExtensibilityGlobals) = postSolution
		SolutionGuid = {5FC4FBA4-6B80-4518-B32C-6C3995C81676}
	EndGlobalSection
EndGlobal
